
Microsoft Visual Studio Solution File, Format Version 12.00
# Visual Studio Version 16
VisualStudioVersion = 16.0.29519.181
MinimumVisualStudioVersion = 10.0.40219.1
Project("{FAE04EC0-301F-11D3-BF4B-00C04F79EFBC}") = "Blazito.Core", "Blazito.Core\Blazito.Core.csproj", "{7B9B4715-DA8F-4617-A238-1644FC960FF1}"
EndProject
Project("{FAE04EC0-301F-11D3-BF4B-00C04F79EFBC}") = "Blazito", "Blazito\Blazito.csproj", "{81860378-8765-4442-8104-9089914A1558}"
EndProject
Global
	GlobalSection(SolutionConfigurationPlatforms) = preSolution
		Debug|Any CPU = Debug|Any CPU
		Release|Any CPU = Release|Any CPU
	EndGlobalSection
	GlobalSection(ProjectConfigurationPlatforms) = postSolution
		{7B9B4715-DA8F-4617-A238-1644FC960FF1}.Debug|Any CPU.ActiveCfg = Debug|Any CPU
		{7B9B4715-DA8F-4617-A238-1644FC960FF1}.Debug|Any CPU.Build.0 = Debug|Any CPU
		{7B9B4715-DA8F-4617-A238-1644FC960FF1}.Release|Any CPU.ActiveCfg = Release|Any CPU
		{7B9B4715-DA8F-4617-A238-1644FC960FF1}.Release|Any CPU.Build.0 = Release|Any CPU
		{81860378-8765-4442-8104-9089914A1558}.Debug|Any CPU.ActiveCfg = Debug|Any CPU
		{81860378-8765-4442-8104-9089914A1558}.Debug|Any CPU.Build.0 = Debug|Any CPU
		{81860378-8765-4442-8104-9089914A1558}.Release|Any CPU.ActiveCfg = Release|Any CPU
		{81860378-8765-4442-8104-9089914A1558}.Release|Any CPU.Build.0 = Release|Any CPU
	EndGlobalSection
	GlobalSection(SolutionProperties) = preSolution
		HideSolutionNode = FALSE
	EndGlobalSection
	GlobalSection(ExtensibilityGlobals) = postSolution
		SolutionGuid = {0D9A1EEE-8042-4317-934C-66E44B70DF34}
	EndGlobalSection
EndGlobal
